// !$*UTF8*$!
{
	archiveVersion = 1;
	classes = {
	};
	objectVersion = 55;
	objects = {

/* Begin PBXBuildFile section */
		4AD7B54528C49CC500B5EDD4 /* AppDelegate.swift in Sources */ = {isa = PBXBuildFile; fileRef = 4AD7B54428C49CC500B5EDD4 /* AppDelegate.swift */; };
		4AD7B54728C49CC500B5EDD4 /* SceneDelegate.swift in Sources */ = {isa = PBXBuildFile; fileRef = 4AD7B54628C49CC500B5EDD4 /* SceneDelegate.swift */; };
		4AD7B54928C49CC500B5EDD4 /* ViewController.swift in Sources */ = {isa = PBXBuildFile; fileRef = 4AD7B54828C49CC500B5EDD4 /* ViewController.swift */; };
		4AD7B54C28C49CC500B5EDD4 /* Main.storyboard in Resources */ = {isa = PBXBuildFile; fileRef = 4AD7B54A28C49CC500B5EDD4 /* Main.storyboard */; };
		4AD7B54E28C49CC700B5EDD4 /* Assets.xcassets in Resources */ = {isa = PBXBuildFile; fileRef = 4AD7B54D28C49CC700B5EDD4 /* Assets.xcassets */; };
		4AD7B55128C49CC700B5EDD4 /* LaunchScreen.storyboard in Resources */ = {isa = PBXBuildFile; fileRef = 4AD7B54F28C49CC700B5EDD4 /* LaunchScreen.storyboard */; };
		4AD7B56728C4A35300B5EDD4 /* MovieTableViewCell.swift in Sources */ = {isa = PBXBuildFile; fileRef = 4AD7B56528C4A35300B5EDD4 /* MovieTableViewCell.swift */; };
		4AD7B56B28C4A37100B5EDD4 /* MovieCellViewModel.swift in Sources */ = {isa = PBXBuildFile; fileRef = 4AD7B56A28C4A37100B5EDD4 /* MovieCellViewModel.swift */; };
		4AD7B56D28C4A37C00B5EDD4 /* MovieViewModel.swift in Sources */ = {isa = PBXBuildFile; fileRef = 4AD7B56C28C4A37C00B5EDD4 /* MovieViewModel.swift */; };
		4AD7B57128C4A44600B5EDD4 /* MovieTableViewCell.xib in Resources */ = {isa = PBXBuildFile; fileRef = 4AD7B57028C4A44600B5EDD4 /* MovieTableViewCell.xib */; };
		4AD7B57328C4A60000B5EDD4 /* MovieService.swift in Sources */ = {isa = PBXBuildFile; fileRef = 4AD7B57228C4A60000B5EDD4 /* MovieService.swift */; };
		4AD7B57628C4A62100B5EDD4 /* HttpRequestHelper.swift in Sources */ = {isa = PBXBuildFile; fileRef = 4AD7B57528C4A62100B5EDD4 /* HttpRequestHelper.swift */; };
		4AD7B57828C4A63200B5EDD4 /* ImageDownloadHelper.swift in Sources */ = {isa = PBXBuildFile; fileRef = 4AD7B57728C4A63200B5EDD4 /* ImageDownloadHelper.swift */; };
		4AD7B57A28C4A64900B5EDD4 /* AsyncImage.swift in Sources */ = {isa = PBXBuildFile; fileRef = 4AD7B57928C4A64900B5EDD4 /* AsyncImage.swift */; };
		4AD7B57D28C4A72100B5EDD4 /* Movie.swift in Sources */ = {isa = PBXBuildFile; fileRef = 4AD7B57C28C4A72100B5EDD4 /* Movie.swift */; };
/* End PBXBuildFile section */

/* Begin PBXFileReference section */
		4AD7B54128C49CC500B5EDD4 /* MovieListMVVM.app */ = {isa = PBXFileReference; explicitFileType = wrapper.application; includeInIndex = 0; path = MovieListMVVM.app; sourceTree = BUILT_PRODUCTS_DIR; };
		4AD7B54428C49CC500B5EDD4 /* AppDelegate.swift */ = {isa = PBXFileReference; lastKnownFileType = sourcecode.swift; path = AppDelegate.swift; sourceTree = "<group>"; };
		4AD7B54628C49CC500B5EDD4 /* SceneDelegate.swift */ = {isa = PBXFileReference; lastKnownFileType = sourcecode.swift; path = SceneDelegate.swift; sourceTree = "<group>"; };
		4AD7B54828C49CC500B5EDD4 /* ViewController.swift */ = {isa = PBXFileReference; lastKnownFileType = sourcecode.swift; path = ViewController.swift; sourceTree = "<group>"; };
		4AD7B54B28C49CC500B5EDD4 /* Base */ = {isa = PBXFileReference; lastKnownFileType = file.storyboard; name = Base; path = Base.lproj/Main.storyboard; sourceTree = "<group>"; };
		4AD7B54D28C49CC700B5EDD4 /* Assets.xcassets */ = {isa = PBXFileReference; lastKnownFileType = folder.assetcatalog; path = Assets.xcassets; sourceTree = "<group>"; };
		4AD7B55028C49CC700B5EDD4 /* Base */ = {isa = PBXFileReference; lastKnownFileType = file.storyboard; name = Base; path = Base.lproj/LaunchScreen.storyboard; sourceTree = "<group>"; };
		4AD7B55228C49CC700B5EDD4 /* Info.plist */ = {isa = PBXFileReference; lastKnownFileType = text.plist.xml; path = Info.plist; sourceTree = "<group>"; };
		4AD7B56528C4A35300B5EDD4 /* MovieTableViewCell.swift */ = {isa = PBXFileReference; lastKnownFileType = sourcecode.swift; path = MovieTableViewCell.swift; sourceTree = "<group>"; };
		4AD7B56A28C4A37100B5EDD4 /* MovieCellViewModel.swift */ = {isa = PBXFileReference; lastKnownFileType = sourcecode.swift; path = MovieCellViewModel.swift; sourceTree = "<group>"; };
		4AD7B56C28C4A37C00B5EDD4 /* MovieViewModel.swift */ = {isa = PBXFileReference; lastKnownFileType = sourcecode.swift; path = MovieViewModel.swift; sourceTree = "<group>"; };
		4AD7B57028C4A44600B5EDD4 /* MovieTableViewCell.xib */ = {isa = PBXFileReference; fileEncoding = 4; lastKnownFileType = file.xib; path = MovieTableViewCell.xib; sourceTree = "<group>"; };
		4AD7B57228C4A60000B5EDD4 /* MovieService.swift */ = {isa = PBXFileReference; lastKnownFileType = sourcecode.swift; path = MovieService.swift; sourceTree = "<group>"; };
		4AD7B57528C4A62100B5EDD4 /* HttpRequestHelper.swift */ = {isa = PBXFileReference; lastKnownFileType = sourcecode.swift; path = HttpRequestHelper.swift; sourceTree = "<group>"; };
		4AD7B57728C4A63200B5EDD4 /* ImageDownloadHelper.swift */ = {isa = PBXFileReference; lastKnownFileType = sourcecode.swift; path = ImageDownloadHelper.swift; sourceTree = "<group>"; };
		4AD7B57928C4A64900B5EDD4 /* AsyncImage.swift */ = {isa = PBXFileReference; lastKnownFileType = sourcecode.swift; path = AsyncImage.swift; sourceTree = "<group>"; };
		4AD7B57C28C4A72100B5EDD4 /* Movie.swift */ = {isa = PBXFileReference; lastKnownFileType = sourcecode.swift; path = Movie.swift; sourceTree = "<group>"; };
/* End PBXFileReference section */

/* Begin PBXFrameworksBuildPhase section */
		4AD7B53E28C49CC500B5EDD4 /* Frameworks */ = {
			isa = PBXFrameworksBuildPhase;
			buildActionMask = 2147483647;
			files = (
			);
			runOnlyForDeploymentPostprocessing = 0;
		};
/* End PBXFrameworksBuildPhase section */

/* Begin PBXGroup section */
		4AD7B53828C49CC500B5EDD4 = {
			isa = PBXGroup;
			children = (
				4AD7B54328C49CC500B5EDD4 /* MovieListMVVM */,
				4AD7B54228C49CC500B5EDD4 /* Products */,
			);
			sourceTree = "<group>";
		};
		4AD7B54228C49CC500B5EDD4 /* Products */ = {
			isa = PBXGroup;
			children = (
				4AD7B54128C49CC500B5EDD4 /* MovieListMVVM.app */,
			);
			name = Products;
			sourceTree = "<group>";
		};
		4AD7B54328C49CC500B5EDD4 /* MovieListMVVM */ = {
			isa = PBXGroup;
			children = (
				4AD7B54428C49CC500B5EDD4 /* AppDelegate.swift */,
				4AD7B54628C49CC500B5EDD4 /* SceneDelegate.swift */,
				4AD7B57B28C4A65000B5EDD4 /* Helper */,
				4AD7B57428C4A60B00B5EDD4 /* Service */,
				4AD7B56F28C4A38F00B5EDD4 /* MovieScene */,
				4AD7B54A28C49CC500B5EDD4 /* Main.storyboard */,
				4AD7B54D28C49CC700B5EDD4 /* Assets.xcassets */,
				4AD7B54F28C49CC700B5EDD4 /* LaunchScreen.storyboard */,
				4AD7B55228C49CC700B5EDD4 /* Info.plist */,
			);
			path = MovieListMVVM;
			sourceTree = "<group>";
		};
		4AD7B56428C4A33E00B5EDD4 /* View */ = {
			isa = PBXGroup;
			children = (
				4AD7B54828C49CC500B5EDD4 /* ViewController.swift */,
				4AD7B56928C4A35900B5EDD4 /* Cell */,
				4AD7B56E28C4A38200B5EDD4 /* ViewModel */,
			);
			path = View;
			sourceTree = "<group>";
		};
		4AD7B56928C4A35900B5EDD4 /* Cell */ = {
			isa = PBXGroup;
			children = (
				4AD7B56528C4A35300B5EDD4 /* MovieTableViewCell.swift */,
				4AD7B57028C4A44600B5EDD4 /* MovieTableViewCell.xib */,
			);
			path = Cell;
			sourceTree = "<group>";
		};
		4AD7B56E28C4A38200B5EDD4 /* ViewModel */ = {
			isa = PBXGroup;
			children = (
				4AD7B56A28C4A37100B5EDD4 /* MovieCellViewModel.swift */,
				4AD7B56C28C4A37C00B5EDD4 /* MovieViewModel.swift */,
			);
			path = ViewModel;
			sourceTree = "<group>";
		};
		4AD7B56F28C4A38F00B5EDD4 /* MovieScene */ = {
			isa = PBXGroup;
			children = (
				4AD7B56428C4A33E00B5EDD4 /* View */,
				4AD7B57E28C4A72600B5EDD4 /* Model */,
			);
			path = MovieScene;
			sourceTree = "<group>";
		};
		4AD7B57428C4A60B00B5EDD4 /* Service */ = {
			isa = PBXGroup;
			children = (
				4AD7B57228C4A60000B5EDD4 /* MovieService.swift */,
			);
			path = Service;
			sourceTree = "<group>";
		};
		4AD7B57B28C4A65000B5EDD4 /* Helper */ = {
			isa = PBXGroup;
			children = (
				4AD7B57528C4A62100B5EDD4 /* HttpRequestHelper.swift */,
				4AD7B57928C4A64900B5EDD4 /* AsyncImage.swift */,
				4AD7B57728C4A63200B5EDD4 /* ImageDownloadHelper.swift */,
			);
			path = Helper;
			sourceTree = "<group>";
		};
		4AD7B57E28C4A72600B5EDD4 /* Model */ = {
			isa = PBXGroup;
			children = (
				4AD7B57C28C4A72100B5EDD4 /* Movie.swift */,
			);
			path = Model;
			sourceTree = "<group>";
		};
/* End PBXGroup section */

/* Begin PBXNativeTarget section */
		4AD7B54028C49CC500B5EDD4 /* MovieListMVVM */ = {
			isa = PBXNativeTarget;
			buildConfigurationList = 4AD7B55528C49CC700B5EDD4 /* Build configuration list for PBXNativeTarget "MovieListMVVM" */;
			buildPhases = (
				4AD7B53D28C49CC500B5EDD4 /* Sources */,
				4AD7B53E28C49CC500B5EDD4 /* Frameworks */,
				4AD7B53F28C49CC500B5EDD4 /* Resources */,
			);
			buildRules = (
			);
			dependencies = (
			);
			name = MovieListMVVM;
			productName = MovieListMVVM;
			productReference = 4AD7B54128C49CC500B5EDD4 /* MovieListMVVM.app */;
			productType = "com.apple.product-type.application";
		};
/* End PBXNativeTarget section */

/* Begin PBXProject section */
		4AD7B53928C49CC500B5EDD4 /* Project object */ = {
			isa = PBXProject;
			attributes = {
				BuildIndependentTargetsInParallel = 1;
				LastSwiftUpdateCheck = 1340;
				LastUpgradeCheck = 1340;
				TargetAttributes = {
					4AD7B54028C49CC500B5EDD4 = {
						CreatedOnToolsVersion = 13.4.1;
					};
				};
			};
			buildConfigurationList = 4AD7B53C28C49CC500B5EDD4 /* Build configuration list for PBXProject "MovieListMVVM" */;
			compatibilityVersion = "Xcode 13.0";
			developmentRegion = en;
			hasScannedForEncodings = 0;
			knownRegions = (
				en,
				Base,
			);
			mainGroup = 4AD7B53828C49CC500B5EDD4;
			productRefGroup = 4AD7B54228C49CC500B5EDD4 /* Products */;
			projectDirPath = "";
			projectRoot = "";
			targets = (
				4AD7B54028C49CC500B5EDD4 /* MovieListMVVM */,
			);
		};
/* End PBXProject section */

/* Begin PBXResourcesBuildPhase section */
		4AD7B53F28C49CC500B5EDD4 /* Resources */ = {
			isa = PBXResourcesBuildPhase;
			buildActionMask = 2147483647;
			files = (
				4AD7B55128C49CC700B5EDD4 /* LaunchScreen.storyboard in Resources */,
				4AD7B54E28C49CC700B5EDD4 /* Assets.xcassets in Resources */,
				4AD7B57128C4A44600B5EDD4 /* MovieTableViewCell.xib in Resources */,
				4AD7B54C28C49CC500B5EDD4 /* Main.storyboard in Resources */,
			);
			runOnlyForDeploymentPostprocessing = 0;
		};
/* End PBXResourcesBuildPhase section */

/* Begin PBXSourcesBuildPhase section */
		4AD7B53D28C49CC500B5EDD4 /* Sources */ = {
			isa = PBXSourcesBuildPhase;
			buildActionMask = 2147483647;
			files = (
				4AD7B57A28C4A64900B5EDD4 /* AsyncImage.swift in Sources */,
				4AD7B54928C49CC500B5EDD4 /* ViewController.swift in Sources */,
				4AD7B54528C49CC500B5EDD4 /* AppDelegate.swift in Sources */,
				4AD7B56728C4A35300B5EDD4 /* MovieTableViewCell.swift in Sources */,
				4AD7B57628C4A62100B5EDD4 /* HttpRequestHelper.swift in Sources */,
				4AD7B57828C4A63200B5EDD4 /* ImageDownloadHelper.swift in Sources */,
				4AD7B56B28C4A37100B5EDD4 /* MovieCellViewModel.swift in Sources */,
				4AD7B54728C49CC500B5EDD4 /* SceneDelegate.swift in Sources */,
				4AD7B56D28C4A37C00B5EDD4 /* MovieViewModel.swift in Sources */,
				4AD7B57D28C4A72100B5EDD4 /* Movie.swift in Sources */,
				4AD7B57328C4A60000B5EDD4 /* MovieService.swift in Sources */,
			);
			runOnlyForDeploymentPostprocessing = 0;
		};
/* End PBXSourcesBuildPhase section */

/* Begin PBXVariantGroup section */
		4AD7B54A28C49CC500B5EDD4 /* Main.storyboard */ = {
			isa = PBXVariantGroup;
			children = (
				4AD7B54B28C49CC500B5EDD4 /* Base */,
			);
			name = Main.storyboard;
			sourceTree = "<group>";
		};
		4AD7B54F28C49CC700B5EDD4 /* LaunchScreen.storyboard */ = {
			isa = PBXVariantGroup;
			children = (
				4AD7B55028C49CC700B5EDD4 /* Base */,
			);
			name = LaunchScreen.storyboard;
			sourceTree = "<group>";
		};
/* End PBXVariantGroup section */

/* Begin XCBuildConfiguration section */
		4AD7B55328C49CC700B5EDD4 /* Debug */ = {
			isa = XCBuildConfiguration;
			buildSettings = {
				ALWAYS_SEARCH_USER_PATHS = NO;
				CLANG_ANALYZER_NONNULL = YES;
				CLANG_ANALYZER_NUMBER_OBJECT_CONVERSION = YES_AGGRESSIVE;
				CLANG_CXX_LANGUAGE_STANDARD = "gnu++17";
				CLANG_ENABLE_MODULES = YES;
				CLANG_ENABLE_OBJC_ARC = YES;
				CLANG_ENABLE_OBJC_WEAK = YES;
				CLANG_WARN_BLOCK_CAPTURE_AUTORELEASING = YES;
				CLANG_WARN_BOOL_CONVERSION = YES;
				CLANG_WARN_COMMA = YES;
				CLANG_WARN_CONSTANT_CONVERSION = YES;
				CLANG_WARN_DEPRECATED_OBJC_IMPLEMENTATIONS = YES;
				CLANG_WARN_DIRECT_OBJC_ISA_USAGE = YES_ERROR;
				CLANG_WARN_DOCUMENTATION_COMMENTS = YES;
				CLANG_WARN_EMPTY_BODY = YES;
				CLANG_WARN_ENUM_CONVERSION = YES;
				CLANG_WARN_INFINITE_RECURSION = YES;
				CLANG_WARN_INT_CONVERSION = YES;
				CLANG_WARN_NON_LITERAL_NULL_CONVERSION = YES;
				CLANG_WARN_OBJC_IMPLICIT_RETAIN_SELF = YES;
				CLANG_WARN_OBJC_LITERAL_CONVERSION = YES;
				CLANG_WARN_OBJC_ROOT_CLASS = YES_ERROR;
				CLANG_WARN_QUOTED_INCLUDE_IN_FRAMEWORK_HEADER = YES;
				CLANG_WARN_RANGE_LOOP_ANALYSIS = YES;
				CLANG_WARN_STRICT_PROTOTYPES = YES;
				CLANG_WARN_SUSPICIOUS_MOVE = YES;
				CLANG_WARN_UNGUARDED_AVAILABILITY = YES_AGGRESSIVE;
				CLANG_WARN_UNREACHABLE_CODE = YES;
				CLANG_WARN__DUPLICATE_METHOD_MATCH = YES;
				COPY_PHASE_STRIP = NO;
				DEBUG_INFORMATION_FORMAT = dwarf;
				ENABLE_STRICT_OBJC_MSGSEND = YES;
				ENABLE_TESTABILITY = YES;
				GCC_C_LANGUAGE_STANDARD = gnu11;
				GCC_DYNAMIC_NO_PIC = NO;
				GCC_NO_COMMON_BLOCKS = YES;
				GCC_OPTIMIZATION_LEVEL = 0;
				GCC_PREPROCESSOR_DEFINITIONS = (
					"DEBUG=1",
					"$(inherited)",
				);
				GCC_WARN_64_TO_32_BIT_CONVERSION = YES;
				GCC_WARN_ABOUT_RETURN_TYPE = YES_ERROR;
				GCC_WARN_UNDECLARED_SELECTOR = YES;
				GCC_WARN_UNINITIALIZED_AUTOS = YES_AGGRESSIVE;
				GCC_WARN_UNUSED_FUNCTION = YES;
				GCC_WARN_UNUSED_VARIABLE = YES;
				IPHONEOS_DEPLOYMENT_TARGET = 15.5;
				MTL_ENABLE_DEBUG_INFO = INCLUDE_SOURCE;
				MTL_FAST_MATH = YES;
				ONLY_ACTIVE_ARCH = YES;
				SDKROOT = iphoneos;
				SWIFT_ACTIVE_COMPILATION_CONDITIONS = DEBUG;
				SWIFT_OPTIMIZATION_LEVEL = "-Onone";
			};
			name = Debug;
		};
		4AD7B55428C49CC700B5EDD4 /* Release */ = {
			isa = XCBuildConfiguration;
			buildSettings = {
				ALWAYS_SEARCH_USER_PATHS = NO;
				CLANG_ANALYZER_NONNULL = YES;
				CLANG_ANALYZER_NUMBER_OBJECT_CONVERSION = YES_AGGRESSIVE;
				CLANG_CXX_LANGUAGE_STANDARD = "gnu++17";
				CLANG_ENABLE_MODULES = YES;
				CLANG_ENABLE_OBJC_ARC = YES;
				CLANG_ENABLE_OBJC_WEAK = YES;
				CLANG_WARN_BLOCK_CAPTURE_AUTORELEASING = YES;
				CLANG_WARN_BOOL_CONVERSION = YES;
				CLANG_WARN_COMMA = YES;
				CLANG_WARN_CONSTANT_CONVERSION = YES;
				CLANG_WARN_DEPRECATED_OBJC_IMPLEMENTATIONS = YES;
				CLANG_WARN_DIRECT_OBJC_ISA_USAGE = YES_ERROR;
				CLANG_WARN_DOCUMENTATION_COMMENTS = YES;
				CLANG_WARN_EMPTY_BODY = YES;
				CLANG_WARN_ENUM_CONVERSION = YES;
				CLANG_WARN_INFINITE_RECURSION = YES;
				CLANG_WARN_INT_CONVERSION = YES;
				CLANG_WARN_NON_LITERAL_NULL_CONVERSION = YES;
				CLANG_WARN_OBJC_IMPLICIT_RETAIN_SELF = YES;
				CLANG_WARN_OBJC_LITERAL_CONVERSION = YES;
				CLANG_WARN_OBJC_ROOT_CLASS = YES_ERROR;
				CLANG_WARN_QUOTED_INCLUDE_IN_FRAMEWORK_HEADER = YES;
				CLANG_WARN_RANGE_LOOP_ANALYSIS = YES;
				CLANG_WARN_STRICT_PROTOTYPES = YES;
				CLANG_WARN_SUSPICIOUS_MOVE = YES;
				CLANG_WARN_UNGUARDED_AVAILABILITY = YES_AGGRESSIVE;
				CLANG_WARN_UNREACHABLE_CODE = YES;
				CLANG_WARN__DUPLICATE_METHOD_MATCH = YES;
				COPY_PHASE_STRIP = NO;
				DEBUG_INFORMATION_FORMAT = "dwarf-with-dsym";
				ENABLE_NS_ASSERTIONS = NO;
				ENABLE_STRICT_OBJC_MSGSEND = YES;
				GCC_C_LANGUAGE_STANDARD = gnu11;
				GCC_NO_COMMON_BLOCKS = YES;
				GCC_WARN_64_TO_32_BIT_CONVERSION = YES;
				GCC_WARN_ABOUT_RETURN_TYPE = YES_ERROR;
				GCC_WARN_UNDECLARED_SELECTOR = YES;
				GCC_WARN_UNINITIALIZED_AUTOS = YES_AGGRESSIVE;
				GCC_WARN_UNUSED_FUNCTION = YES;
				GCC_WARN_UNUSED_VARIABLE = YES;
				IPHONEOS_DEPLOYMENT_TARGET = 15.5;
				MTL_ENABLE_DEBUG_INFO = NO;
				MTL_FAST_MATH = YES;
				SDKROOT = iphoneos;
				SWIFT_COMPILATION_MODE = wholemodule;
				SWIFT_OPTIMIZATION_LEVEL = "-O";
				VALIDATE_PRODUCT = YES;
			};
			name = Release;
		};
		4AD7B55628C49CC700B5EDD4 /* Debug */ = {
			isa = XCBuildConfiguration;
			buildSettings = {
				ASSETCATALOG_COMPILER_APPICON_NAME = AppIcon;
				ASSETCATALOG_COMPILER_GLOBAL_ACCENT_COLOR_NAME = AccentColor;
				CODE_SIGN_STYLE = Automatic;
				CURRENT_PROJECT_VERSION = 1;
				DEVELOPMENT_TEAM = U8GSKB5S38;
				GENERATE_INFOPLIST_FILE = YES;
				INFOPLIST_FILE = MovieListMVVM/Info.plist;
				INFOPLIST_KEY_UIApplicationSupportsIndirectInputEvents = YES;
				INFOPLIST_KEY_UILaunchStoryboardName = LaunchScreen;
				INFOPLIST_KEY_UIMainStoryboardFile = Main;
				INFOPLIST_KEY_UISupportedInterfaceOrientations_iPad = "UIInterfaceOrientationPortrait UIInterfaceOrientationPortraitUpsideDown UIInterfaceOrientationLandscapeLeft UIInterfaceOrientationLandscapeRight";
				INFOPLIST_KEY_UISupportedInterfaceOrientations_iPhone = "UIInterfaceOrientationPortrait UIInterfaceOrientationLandscapeLeft UIInterfaceOrientationLandscapeRight";
				LD_RUNPATH_SEARCH_PATHS = (
					"$(inherited)",
					"@executable_path/Frameworks",
				);
				MARKETING_VERSION = 1.0;
				PRODUCT_BUNDLE_IDENTIFIER = com.sourcenext.pocketalk.smartphone.MovieListMVVM;
				PRODUCT_NAME = "$(TARGET_NAME)";
				SWIFT_EMIT_LOC_STRINGS = YES;
				SWIFT_VERSION = 5.0;
				TARGETED_DEVICE_FAMILY = "1,2";
			};
			name = Debug;
		};
		4AD7B55728C49CC700B5EDD4 /* Release */ = {
			isa = XCBuildConfiguration;
			buildSettings = {
				ASSETCATALOG_COMPILER_APPICON_NAME = AppIcon;
				ASSETCATALOG_COMPILER_GLOBAL_ACCENT_COLOR_NAME = AccentColor;
				CODE_SIGN_STYLE = Automatic;
				CURRENT_PROJECT_VERSION = 1;
				DEVELOPMENT_TEAM = U8GSKB5S38;
				GENERATE_INFOPLIST_FILE = YES;
				INFOPLIST_FILE = MovieListMVVM/Info.plist;
				INFOPLIST_KEY_UIApplicationSupportsIndirectInputEvents = YES;
				INFOPLIST_KEY_UILaunchStoryboardName = LaunchScreen;
				INFOPLIST_KEY_UIMainStoryboardFile = Main;
				INFOPLIST_KEY_UISupportedInterfaceOrientations_iPad = "UIInterfaceOrientationPortrait UIInterfaceOrientationPortraitUpsideDown UIInterfaceOrientationLandscapeLeft UIInterfaceOrientationLandscapeRight";
				INFOPLIST_KEY_UISupportedInterfaceOrientations_iPhone = "UIInterfaceOrientationPortrait UIInterfaceOrientationLandscapeLeft UIInterfaceOrientationLandscapeRight";
				LD_RUNPATH_SEARCH_PATHS = (
					"$(inherited)",
					"@executable_path/Frameworks",
				);
				MARKETING_VERSION = 1.0;
				PRODUCT_BUNDLE_IDENTIFIER = com.sourcenext.pocketalk.smartphone.MovieListMVVM;
				PRODUCT_NAME = "$(TARGET_NAME)";
				SWIFT_EMIT_LOC_STRINGS = YES;
				SWIFT_VERSION = 5.0;
				TARGETED_DEVICE_FAMILY = "1,2";
			};
			name = Release;
		};
/* End XCBuildConfiguration section */

/* Begin XCConfigurationList section */
		4AD7B53C28C49CC500B5EDD4 /* Build configuration list for PBXProject "MovieListMVVM" */ = {
			isa = XCConfigurationList;
			buildConfigurations = (
				4AD7B55328C49CC700B5EDD4 /* Debug */,
				4AD7B55428C49CC700B5EDD4 /* Release */,
			);
			defaultConfigurationIsVisible = 0;
			defaultConfigurationName = Release;
		};
		4AD7B55528C49CC700B5EDD4 /* Build configuration list for PBXNativeTarget "MovieListMVVM" */ = {
			isa = XCConfigurationList;
			buildConfigurations = (
				4AD7B55628C49CC700B5EDD4 /* Debug */,
				4AD7B55728C49CC700B5EDD4 /* Release */,
			);
			defaultConfigurationIsVisible = 0;
			defaultConfigurationName = Release;
		};
/* End XCConfigurationList section */
	};
	rootObject = 4AD7B53928C49CC500B5EDD4 /* Project object */;
}
